
Microsoft Visual Studio Solution File, Format Version 12.00
# Visual Studio Version 16
VisualStudioVersion = 16.0.31702.278
MinimumVisualStudioVersion = 10.0.40219.1
Project("{FAE04EC0-301F-11D3-BF4B-00C04F79EFBC}") = "TicketingA1", "TicketingA1.csproj", "{C658E387-096F-46CB-9538-93BCD05F20E2}"
EndProject
Global
	GlobalSection(SolutionConfigurationPlatforms) = preSolution
		Debug|Any CPU = Debug|Any CPU
		Release|Any CPU = Release|Any CPU
	EndGlobalSection
	GlobalSection(ProjectConfigurationPlatforms) = postSolution
		{C658E387-096F-46CB-9538-93BCD05F20E2}.Debug|Any CPU.ActiveCfg = Debug|Any CPU
		{C658E387-096F-46CB-9538-93BCD05F20E2}.Debug|Any CPU.Build.0 = Debug|Any CPU
		{C658E387-096F-46CB-9538-93BCD05F20E2}.Release|Any CPU.ActiveCfg = Release|Any CPU
		{C658E387-096F-46CB-9538-93BCD05F20E2}.Release|Any CPU.Build.0 = Release|Any CPU
	EndGlobalSection
	GlobalSection(SolutionProperties) = preSolution
		HideSolutionNode = FALSE
	EndGlobalSection
	GlobalSection(ExtensibilityGlobals) = postSolution
		SolutionGuid = {A3B1EA6A-94F8-4B92-99A0-899013EBD36C}
	EndGlobalSection
EndGlobal
